// !$*UTF8*$!
{
	archiveVersion = 1;
	classes = {
	};
	objectVersion = 46;
	objects = {

/* Begin PBXBuildFile section */
		BAAD40EB1B95DC99000019F2 /* AppDelegate.swift in Sources */ = {isa = PBXBuildFile; fileRef = BAAD40EA1B95DC99000019F2 /* AppDelegate.swift */; };
		BAAD40ED1B95DC99000019F2 /* ViewController.swift in Sources */ = {isa = PBXBuildFile; fileRef = BAAD40EC1B95DC99000019F2 /* ViewController.swift */; };
		BAAD40F01B95DC99000019F2 /* Main.storyboard in Resources */ = {isa = PBXBuildFile; fileRef = BAAD40EE1B95DC99000019F2 /* Main.storyboard */; };
		BAAD40F21B95DC99000019F2 /* Assets.xcassets in Resources */ = {isa = PBXBuildFile; fileRef = BAAD40F11B95DC99000019F2 /* Assets.xcassets */; };
		BAAD40F51B95DC99000019F2 /* LaunchScreen.storyboard in Resources */ = {isa = PBXBuildFile; fileRef = BAAD40F31B95DC99000019F2 /* LaunchScreen.storyboard */; };
		BAAD41021B95E373000019F2 /* Interface.storyboard in Resources */ = {isa = PBXBuildFile; fileRef = BAAD41001B95E373000019F2 /* Interface.storyboard */; };
		BAAD41041B95E373000019F2 /* Assets.xcassets in Resources */ = {isa = PBXBuildFile; fileRef = BAAD41031B95E373000019F2 /* Assets.xcassets */; };
		BAAD410B1B95E373000019F2 /* watchConnectivityBasicWatch Extension.appex in Embed App Extensions */ = {isa = PBXBuildFile; fileRef = BAAD410A1B95E373000019F2 /* watchConnectivityBasicWatch Extension.appex */; settings = {ATTRIBUTES = (RemoveHeadersOnCopy, ); }; };
		BAAD41101B95E373000019F2 /* InterfaceController.swift in Sources */ = {isa = PBXBuildFile; fileRef = BAAD410F1B95E373000019F2 /* InterfaceController.swift */; };
		BAAD41121B95E373000019F2 /* ExtensionDelegate.swift in Sources */ = {isa = PBXBuildFile; fileRef = BAAD41111B95E373000019F2 /* ExtensionDelegate.swift */; };
		BAAD41141B95E373000019F2 /* Assets.xcassets in Resources */ = {isa = PBXBuildFile; fileRef = BAAD41131B95E373000019F2 /* Assets.xcassets */; };
		BAAD41181B95E373000019F2 /* watchConnectivityBasicWatch.app in Embed Watch Content */ = {isa = PBXBuildFile; fileRef = BAAD40FE1B95E373000019F2 /* watchConnectivityBasicWatch.app */; };
/* End PBXBuildFile section */

/* Begin PBXContainerItemProxy section */
		BAAD410C1B95E373000019F2 /* PBXContainerItemProxy */ = {
			isa = PBXContainerItemProxy;
			containerPortal = BAAD40DF1B95DC98000019F2 /* Project object */;
			proxyType = 1;
			remoteGlobalIDString = BAAD41091B95E373000019F2;
			remoteInfo = "watchConnectivityBasicWatch Extension";
		};
		BAAD41161B95E373000019F2 /* PBXContainerItemProxy */ = {
			isa = PBXContainerItemProxy;
			containerPortal = BAAD40DF1B95DC98000019F2 /* Project object */;
			proxyType = 1;
			remoteGlobalIDString = BAAD40FD1B95E373000019F2;
			remoteInfo = watchConnectivityBasicWatch;
		};
/* End PBXContainerItemProxy section */

/* Begin PBXCopyFilesBuildPhase section */
		BAAD411C1B95E373000019F2 /* Embed App Extensions */ = {
			isa = PBXCopyFilesBuildPhase;
			buildActionMask = 2147483647;
			dstPath = "";
			dstSubfolderSpec = 13;
			files = (
				BAAD410B1B95E373000019F2 /* watchConnectivityBasicWatch Extension.appex in Embed App Extensions */,
			);
			name = "Embed App Extensions";
			runOnlyForDeploymentPostprocessing = 0;
		};
		BAAD41201B95E373000019F2 /* Embed Watch Content */ = {
			isa = PBXCopyFilesBuildPhase;
			buildActionMask = 2147483647;
			dstPath = "$(CONTENTS_FOLDER_PATH)/Watch";
			dstSubfolderSpec = 16;
			files = (
				BAAD41181B95E373000019F2 /* watchConnectivityBasicWatch.app in Embed Watch Content */,
			);
			name = "Embed Watch Content";
			runOnlyForDeploymentPostprocessing = 0;
		};
/* End PBXCopyFilesBuildPhase section */

/* Begin PBXFileReference section */
		BAAD40E71B95DC99000019F2 /* watchConnectivityBasic.app */ = {isa = PBXFileReference; explicitFileType = wrapper.application; includeInIndex = 0; path = watchConnectivityBasic.app; sourceTree = BUILT_PRODUCTS_DIR; };
		BAAD40EA1B95DC99000019F2 /* AppDelegate.swift */ = {isa = PBXFileReference; lastKnownFileType = sourcecode.swift; path = AppDelegate.swift; sourceTree = "<group>"; };
		BAAD40EC1B95DC99000019F2 /* ViewController.swift */ = {isa = PBXFileReference; lastKnownFileType = sourcecode.swift; path = ViewController.swift; sourceTree = "<group>"; };
		BAAD40EF1B95DC99000019F2 /* Base */ = {isa = PBXFileReference; lastKnownFileType = file.storyboard; name = Base; path = Base.lproj/Main.storyboard; sourceTree = "<group>"; };
		BAAD40F11B95DC99000019F2 /* Assets.xcassets */ = {isa = PBXFileReference; lastKnownFileType = folder.assetcatalog; path = Assets.xcassets; sourceTree = "<group>"; };
		BAAD40F41B95DC99000019F2 /* Base */ = {isa = PBXFileReference; lastKnownFileType = file.storyboard; name = Base; path = Base.lproj/LaunchScreen.storyboard; sourceTree = "<group>"; };
		BAAD40F61B95DC99000019F2 /* Info.plist */ = {isa = PBXFileReference; lastKnownFileType = text.plist.xml; path = Info.plist; sourceTree = "<group>"; };
		BAAD40FE1B95E373000019F2 /* watchConnectivityBasicWatch.app */ = {isa = PBXFileReference; explicitFileType = wrapper.application; includeInIndex = 0; path = watchConnectivityBasicWatch.app; sourceTree = BUILT_PRODUCTS_DIR; };
		BAAD41011B95E373000019F2 /* Base */ = {isa = PBXFileReference; lastKnownFileType = file.storyboard; name = Base; path = Base.lproj/Interface.storyboard; sourceTree = "<group>"; };
		BAAD41031B95E373000019F2 /* Assets.xcassets */ = {isa = PBXFileReference; lastKnownFileType = folder.assetcatalog; path = Assets.xcassets; sourceTree = "<group>"; };
		BAAD41051B95E373000019F2 /* Info.plist */ = {isa = PBXFileReference; lastKnownFileType = text.plist.xml; path = Info.plist; sourceTree = "<group>"; };
		BAAD410A1B95E373000019F2 /* watchConnectivityBasicWatch Extension.appex */ = {isa = PBXFileReference; explicitFileType = "wrapper.app-extension"; includeInIndex = 0; path = "watchConnectivityBasicWatch Extension.appex"; sourceTree = BUILT_PRODUCTS_DIR; };
		BAAD410F1B95E373000019F2 /* InterfaceController.swift */ = {isa = PBXFileReference; lastKnownFileType = sourcecode.swift; path = InterfaceController.swift; sourceTree = "<group>"; };
		BAAD41111B95E373000019F2 /* ExtensionDelegate.swift */ = {isa = PBXFileReference; lastKnownFileType = sourcecode.swift; path = ExtensionDelegate.swift; sourceTree = "<group>"; };
		BAAD41131B95E373000019F2 /* Assets.xcassets */ = {isa = PBXFileReference; lastKnownFileType = folder.assetcatalog; path = Assets.xcassets; sourceTree = "<group>"; };
		BAAD41151B95E373000019F2 /* Info.plist */ = {isa = PBXFileReference; lastKnownFileType = text.plist.xml; path = Info.plist; sourceTree = "<group>"; };
/* End PBXFileReference section */

/* Begin PBXFrameworksBuildPhase section */
		BAAD40E41B95DC99000019F2 /* Frameworks */ = {
			isa = PBXFrameworksBuildPhase;
			buildActionMask = 2147483647;
			files = (
			);
			runOnlyForDeploymentPostprocessing = 0;
		};
		BAAD41071B95E373000019F2 /* Frameworks */ = {
			isa = PBXFrameworksBuildPhase;
			buildActionMask = 2147483647;
			files = (
			);
			runOnlyForDeploymentPostprocessing = 0;
		};
/* End PBXFrameworksBuildPhase section */

/* Begin PBXGroup section */
		BAAD40DE1B95DC98000019F2 = {
			isa = PBXGroup;
			children = (
				BAAD40E91B95DC99000019F2 /* watchConnectivityBasic */,
				BAAD40FF1B95E373000019F2 /* watchConnectivityBasicWatch */,
				BAAD410E1B95E373000019F2 /* watchConnectivityBasicWatch Extension */,
				BAAD40E81B95DC99000019F2 /* Products */,
			);
			sourceTree = "<group>";
		};
		BAAD40E81B95DC99000019F2 /* Products */ = {
			isa = PBXGroup;
			children = (
				BAAD40E71B95DC99000019F2 /* watchConnectivityBasic.app */,
				BAAD40FE1B95E373000019F2 /* watchConnectivityBasicWatch.app */,
				BAAD410A1B95E373000019F2 /* watchConnectivityBasicWatch Extension.appex */,
			);
			name = Products;
			sourceTree = "<group>";
		};
		BAAD40E91B95DC99000019F2 /* watchConnectivityBasic */ = {
			isa = PBXGroup;
			children = (
				BAAD40EA1B95DC99000019F2 /* AppDelegate.swift */,
				BAAD40EC1B95DC99000019F2 /* ViewController.swift */,
				BAAD40EE1B95DC99000019F2 /* Main.storyboard */,
				BAAD40F11B95DC99000019F2 /* Assets.xcassets */,
				BAAD40F31B95DC99000019F2 /* LaunchScreen.storyboard */,
				BAAD40F61B95DC99000019F2 /* Info.plist */,
			);
			path = watchConnectivityBasic;
			sourceTree = "<group>";
		};
		BAAD40FF1B95E373000019F2 /* watchConnectivityBasicWatch */ = {
			isa = PBXGroup;
			children = (
				BAAD41001B95E373000019F2 /* Interface.storyboard */,
				BAAD41031B95E373000019F2 /* Assets.xcassets */,
				BAAD41051B95E373000019F2 /* Info.plist */,
			);
			path = watchConnectivityBasicWatch;
			sourceTree = "<group>";
		};
		BAAD410E1B95E373000019F2 /* watchConnectivityBasicWatch Extension */ = {
			isa = PBXGroup;
			children = (
				BAAD410F1B95E373000019F2 /* InterfaceController.swift */,
				BAAD41111B95E373000019F2 /* ExtensionDelegate.swift */,
				BAAD41131B95E373000019F2 /* Assets.xcassets */,
				BAAD41151B95E373000019F2 /* Info.plist */,
			);
			path = "watchConnectivityBasicWatch Extension";
			sourceTree = "<group>";
		};
/* End PBXGroup section */

/* Begin PBXNativeTarget section */
		BAAD40E61B95DC99000019F2 /* watchConnectivityBasic */ = {
			isa = PBXNativeTarget;
			buildConfigurationList = BAAD40F91B95DC99000019F2 /* Build configuration list for PBXNativeTarget "watchConnectivityBasic" */;
			buildPhases = (
				BAAD40E31B95DC99000019F2 /* Sources */,
				BAAD40E41B95DC99000019F2 /* Frameworks */,
				BAAD40E51B95DC99000019F2 /* Resources */,
				BAAD41201B95E373000019F2 /* Embed Watch Content */,
			);
			buildRules = (
			);
			dependencies = (
				BAAD41171B95E373000019F2 /* PBXTargetDependency */,
			);
			name = watchConnectivityBasic;
			productName = watchConnectivityBasic;
			productReference = BAAD40E71B95DC99000019F2 /* watchConnectivityBasic.app */;
			productType = "com.apple.product-type.application";
		};
		BAAD40FD1B95E373000019F2 /* watchConnectivityBasicWatch */ = {
			isa = PBXNativeTarget;
			buildConfigurationList = BAAD411D1B95E373000019F2 /* Build configuration list for PBXNativeTarget "watchConnectivityBasicWatch" */;
			buildPhases = (
				BAAD40FC1B95E373000019F2 /* Resources */,
				BAAD411C1B95E373000019F2 /* Embed App Extensions */,
			);
			buildRules = (
			);
			dependencies = (
				BAAD410D1B95E373000019F2 /* PBXTargetDependency */,
			);
			name = watchConnectivityBasicWatch;
			productName = watchConnectivityBasicWatch;
			productReference = BAAD40FE1B95E373000019F2 /* watchConnectivityBasicWatch.app */;
			productType = "com.apple.product-type.application.watchapp2";
		};
		BAAD41091B95E373000019F2 /* watchConnectivityBasicWatch Extension */ = {
			isa = PBXNativeTarget;
			buildConfigurationList = BAAD41191B95E373000019F2 /* Build configuration list for PBXNativeTarget "watchConnectivityBasicWatch Extension" */;
			buildPhases = (
				BAAD41061B95E373000019F2 /* Sources */,
				BAAD41071B95E373000019F2 /* Frameworks */,
				BAAD41081B95E373000019F2 /* Resources */,
			);
			buildRules = (
			);
			dependencies = (
			);
			name = "watchConnectivityBasicWatch Extension";
			productName = "watchConnectivityBasicWatch Extension";
			productReference = BAAD410A1B95E373000019F2 /* watchConnectivityBasicWatch Extension.appex */;
			productType = "com.apple.product-type.watchkit2-extension";
		};
/* End PBXNativeTarget section */

/* Begin PBXProject section */
		BAAD40DF1B95DC98000019F2 /* Project object */ = {
			isa = PBXProject;
			attributes = {
				LastUpgradeCheck = 0700;
				ORGANIZATIONNAME = "長尾 聡一郎";
				TargetAttributes = {
					BAAD40E61B95DC99000019F2 = {
						CreatedOnToolsVersion = 7.0;
					};
					BAAD40FD1B95E373000019F2 = {
						CreatedOnToolsVersion = 7.0;
					};
					BAAD41091B95E373000019F2 = {
						CreatedOnToolsVersion = 7.0;
					};
				};
			};
			buildConfigurationList = BAAD40E21B95DC98000019F2 /* Build configuration list for PBXProject "watchConnectivityBasic" */;
			compatibilityVersion = "Xcode 3.2";
			developmentRegion = English;
			hasScannedForEncodings = 0;
			knownRegions = (
				en,
				Base,
			);
			mainGroup = BAAD40DE1B95DC98000019F2;
			productRefGroup = BAAD40E81B95DC99000019F2 /* Products */;
			projectDirPath = "";
			projectRoot = "";
			targets = (
				BAAD40E61B95DC99000019F2 /* watchConnectivityBasic */,
				BAAD40FD1B95E373000019F2 /* watchConnectivityBasicWatch */,
				BAAD41091B95E373000019F2 /* watchConnectivityBasicWatch Extension */,
			);
		};
/* End PBXProject section */

/* Begin PBXResourcesBuildPhase section */
		BAAD40E51B95DC99000019F2 /* Resources */ = {
			isa = PBXResourcesBuildPhase;
			buildActionMask = 2147483647;
			files = (
				BAAD40F51B95DC99000019F2 /* LaunchScreen.storyboard in Resources */,
				BAAD40F21B95DC99000019F2 /* Assets.xcassets in Resources */,
				BAAD40F01B95DC99000019F2 /* Main.storyboard in Resources */,
			);
			runOnlyForDeploymentPostprocessing = 0;
		};
		BAAD40FC1B95E373000019F2 /* Resources */ = {
			isa = PBXResourcesBuildPhase;
			buildActionMask = 2147483647;
			files = (
				BAAD41041B95E373000019F2 /* Assets.xcassets in Resources */,
				BAAD41021B95E373000019F2 /* Interface.storyboard in Resources */,
			);
			runOnlyForDeploymentPostprocessing = 0;
		};
		BAAD41081B95E373000019F2 /* Resources */ = {
			isa = PBXResourcesBuildPhase;
			buildActionMask = 2147483647;
			files = (
				BAAD41141B95E373000019F2 /* Assets.xcassets in Resources */,
			);
			runOnlyForDeploymentPostprocessing = 0;
		};
/* End PBXResourcesBuildPhase section */

/* Begin PBXSourcesBuildPhase section */
		BAAD40E31B95DC99000019F2 /* Sources */ = {
			isa = PBXSourcesBuildPhase;
			buildActionMask = 2147483647;
			files = (
				BAAD40ED1B95DC99000019F2 /* ViewController.swift in Sources */,
				BAAD40EB1B95DC99000019F2 /* AppDelegate.swift in Sources */,
			);
			runOnlyForDeploymentPostprocessing = 0;
		};
		BAAD41061B95E373000019F2 /* Sources */ = {
			isa = PBXSourcesBuildPhase;
			buildActionMask = 2147483647;
			files = (
				BAAD41121B95E373000019F2 /* ExtensionDelegate.swift in Sources */,
				BAAD41101B95E373000019F2 /* InterfaceController.swift in Sources */,
			);
			runOnlyForDeploymentPostprocessing = 0;
		};
/* End PBXSourcesBuildPhase section */

/* Begin PBXTargetDependency section */
		BAAD410D1B95E373000019F2 /* PBXTargetDependency */ = {
			isa = PBXTargetDependency;
			target = BAAD41091B95E373000019F2 /* watchConnectivityBasicWatch Extension */;
			targetProxy = BAAD410C1B95E373000019F2 /* PBXContainerItemProxy */;
		};
		BAAD41171B95E373000019F2 /* PBXTargetDependency */ = {
			isa = PBXTargetDependency;
			target = BAAD40FD1B95E373000019F2 /* watchConnectivityBasicWatch */;
			targetProxy = BAAD41161B95E373000019F2 /* PBXContainerItemProxy */;
		};
/* End PBXTargetDependency section */

/* Begin PBXVariantGroup section */
		BAAD40EE1B95DC99000019F2 /* Main.storyboard */ = {
			isa = PBXVariantGroup;
			children = (
				BAAD40EF1B95DC99000019F2 /* Base */,
			);
			name = Main.storyboard;
			sourceTree = "<group>";
		};
		BAAD40F31B95DC99000019F2 /* LaunchScreen.storyboard */ = {
			isa = PBXVariantGroup;
			children = (
				BAAD40F41B95DC99000019F2 /* Base */,
			);
			name = LaunchScreen.storyboard;
			sourceTree = "<group>";
		};
		BAAD41001B95E373000019F2 /* Interface.storyboard */ = {
			isa = PBXVariantGroup;
			children = (
				BAAD41011B95E373000019F2 /* Base */,
			);
			name = Interface.storyboard;
			sourceTree = "<group>";
		};
/* End PBXVariantGroup section */

/* Begin XCBuildConfiguration section */
		BAAD40F71B95DC99000019F2 /* Debug */ = {
			isa = XCBuildConfiguration;
			buildSettings = {
				ALWAYS_SEARCH_USER_PATHS = NO;
				CLANG_CXX_LANGUAGE_STANDARD = "gnu++0x";
				CLANG_CXX_LIBRARY = "libc++";
				CLANG_ENABLE_MODULES = YES;
				CLANG_ENABLE_OBJC_ARC = YES;
				CLANG_WARN_BOOL_CONVERSION = YES;
				CLANG_WARN_CONSTANT_CONVERSION = YES;
				CLANG_WARN_DIRECT_OBJC_ISA_USAGE = YES_ERROR;
				CLANG_WARN_EMPTY_BODY = YES;
				CLANG_WARN_ENUM_CONVERSION = YES;
				CLANG_WARN_INT_CONVERSION = YES;
				CLANG_WARN_OBJC_ROOT_CLASS = YES_ERROR;
				CLANG_WARN_UNREACHABLE_CODE = YES;
				CLANG_WARN__DUPLICATE_METHOD_MATCH = YES;
				"CODE_SIGN_IDENTITY[sdk=iphoneos*]" = "iPhone Developer";
				COPY_PHASE_STRIP = NO;
				DEBUG_INFORMATION_FORMAT = dwarf;
				ENABLE_STRICT_OBJC_MSGSEND = YES;
				ENABLE_TESTABILITY = YES;
				GCC_C_LANGUAGE_STANDARD = gnu99;
				GCC_DYNAMIC_NO_PIC = NO;
				GCC_NO_COMMON_BLOCKS = YES;
				GCC_OPTIMIZATION_LEVEL = 0;
				GCC_PREPROCESSOR_DEFINITIONS = (
					"DEBUG=1",
					"$(inherited)",
				);
				GCC_WARN_64_TO_32_BIT_CONVERSION = YES;
				GCC_WARN_ABOUT_RETURN_TYPE = YES_ERROR;
				GCC_WARN_UNDECLARED_SELECTOR = YES;
				GCC_WARN_UNINITIALIZED_AUTOS = YES_AGGRESSIVE;
				GCC_WARN_UNUSED_FUNCTION = YES;
				GCC_WARN_UNUSED_VARIABLE = YES;
				IPHONEOS_DEPLOYMENT_TARGET = 9.0;
				MTL_ENABLE_DEBUG_INFO = YES;
				ONLY_ACTIVE_ARCH = YES;
				SDKROOT = iphoneos;
				SWIFT_OPTIMIZATION_LEVEL = "-Onone";
			};
			name = Debug;
		};
		BAAD40F81B95DC99000019F2 /* Release */ = {
			isa = XCBuildConfiguration;
			buildSettings = {
				ALWAYS_SEARCH_USER_PATHS = NO;
				CLANG_CXX_LANGUAGE_STANDARD = "gnu++0x";
				CLANG_CXX_LIBRARY = "libc++";
				CLANG_ENABLE_MODULES = YES;
				CLANG_ENABLE_OBJC_ARC = YES;
				CLANG_WARN_BOOL_CONVERSION = YES;
				CLANG_WARN_CONSTANT_CONVERSION = YES;
				CLANG_WARN_DIRECT_OBJC_ISA_USAGE = YES_ERROR;
				CLANG_WARN_EMPTY_BODY = YES;
				CLANG_WARN_ENUM_CONVERSION = YES;
				CLANG_WARN_INT_CONVERSION = YES;
				CLANG_WARN_OBJC_ROOT_CLASS = YES_ERROR;
				CLANG_WARN_UNREACHABLE_CODE = YES;
				CLANG_WARN__DUPLICATE_METHOD_MATCH = YES;
				"CODE_SIGN_IDENTITY[sdk=iphoneos*]" = "iPhone Developer";
				COPY_PHASE_STRIP = NO;
				DEBUG_INFORMATION_FORMAT = "dwarf-with-dsym";
				ENABLE_NS_ASSERTIONS = NO;
				ENABLE_STRICT_OBJC_MSGSEND = YES;
				GCC_C_LANGUAGE_STANDARD = gnu99;
				GCC_NO_COMMON_BLOCKS = YES;
				GCC_WARN_64_TO_32_BIT_CONVERSION = YES;
				GCC_WARN_ABOUT_RETURN_TYPE = YES_ERROR;
				GCC_WARN_UNDECLARED_SELECTOR = YES;
				GCC_WARN_UNINITIALIZED_AUTOS = YES_AGGRESSIVE;
				GCC_WARN_UNUSED_FUNCTION = YES;
				GCC_WARN_UNUSED_VARIABLE = YES;
				IPHONEOS_DEPLOYMENT_TARGET = 9.0;
				MTL_ENABLE_DEBUG_INFO = NO;
				SDKROOT = iphoneos;
				VALIDATE_PRODUCT = YES;
			};
			name = Release;
		};
		BAAD40FA1B95DC99000019F2 /* Debug */ = {
			isa = XCBuildConfiguration;
			buildSettings = {
				ASSETCATALOG_COMPILER_APPICON_NAME = AppIcon;
				INFOPLIST_FILE = watchConnectivityBasic/Info.plist;
				LD_RUNPATH_SEARCH_PATHS = "$(inherited) @executable_path/Frameworks";
				PRODUCT_BUNDLE_IDENTIFIER = jp.sohichiro.watchConnectivityBasic;
				PRODUCT_NAME = "$(TARGET_NAME)";
			};
			name = Debug;
		};
		BAAD40FB1B95DC99000019F2 /* Release */ = {
			isa = XCBuildConfiguration;
			buildSettings = {
				ASSETCATALOG_COMPILER_APPICON_NAME = AppIcon;
				INFOPLIST_FILE = watchConnectivityBasic/Info.plist;
				LD_RUNPATH_SEARCH_PATHS = "$(inherited) @executable_path/Frameworks";
				PRODUCT_BUNDLE_IDENTIFIER = jp.sohichiro.watchConnectivityBasic;
				PRODUCT_NAME = "$(TARGET_NAME)";
			};
			name = Release;
		};
		BAAD411A1B95E373000019F2 /* Debug */ = {
			isa = XCBuildConfiguration;
			buildSettings = {
				INFOPLIST_FILE = "watchConnectivityBasicWatch Extension/Info.plist";
				LD_RUNPATH_SEARCH_PATHS = "$(inherited) @executable_path/Frameworks @executable_path/../../Frameworks";
				PRODUCT_BUNDLE_IDENTIFIER = jp.sohichiro.watchConnectivityBasic.watchkitapp.watchkitextension;
				PRODUCT_NAME = "${TARGET_NAME}";
				SDKROOT = watchos;
				SKIP_INSTALL = YES;
				TARGETED_DEVICE_FAMILY = 4;
				WATCHOS_DEPLOYMENT_TARGET = 2.0;
			};
			name = Debug;
		};
		BAAD411B1B95E373000019F2 /* Release */ = {
			isa = XCBuildConfiguration;
			buildSettings = {
				INFOPLIST_FILE = "watchConnectivityBasicWatch Extension/Info.plist";
				LD_RUNPATH_SEARCH_PATHS = "$(inherited) @executable_path/Frameworks @executable_path/../../Frameworks";
				PRODUCT_BUNDLE_IDENTIFIER = jp.sohichiro.watchConnectivityBasic.watchkitapp.watchkitextension;
				PRODUCT_NAME = "${TARGET_NAME}";
				SDKROOT = watchos;
				SKIP_INSTALL = YES;
				TARGETED_DEVICE_FAMILY = 4;
				WATCHOS_DEPLOYMENT_TARGET = 2.0;
			};
			name = Release;
		};
		BAAD411E1B95E373000019F2 /* Debug */ = {
			isa = XCBuildConfiguration;
			buildSettings = {
				ASSETCATALOG_COMPILER_APPICON_NAME = AppIcon;
				EMBEDDED_CONTENT_CONTAINS_SWIFT = YES;
				IBSC_MODULE = watchConnectivityBasicWatch_Extension;
				INFOPLIST_FILE = watchConnectivityBasicWatch/Info.plist;
				PRODUCT_BUNDLE_IDENTIFIER = jp.sohichiro.watchConnectivityBasic.watchkitapp;
				PRODUCT_NAME = "$(TARGET_NAME)";
				SDKROOT = watchos;
				SKIP_INSTALL = YES;
				TARGETED_DEVICE_FAMILY = 4;
				WATCHOS_DEPLOYMENT_TARGET = 2.0;
			};
			name = Debug;
		};
		BAAD411F1B95E373000019F2 /* Release */ = {
			isa = XCBuildConfiguration;
			buildSettings = {
				ASSETCATALOG_COMPILER_APPICON_NAME = AppIcon;
				EMBEDDED_CONTENT_CONTAINS_SWIFT = YES;
				IBSC_MODULE = watchConnectivityBasicWatch_Extension;
				INFOPLIST_FILE = watchConnectivityBasicWatch/Info.plist;
				PRODUCT_BUNDLE_IDENTIFIER = jp.sohichiro.watchConnectivityBasic.watchkitapp;
				PRODUCT_NAME = "$(TARGET_NAME)";
				SDKROOT = watchos;
				SKIP_INSTALL = YES;
				TARGETED_DEVICE_FAMILY = 4;
				WATCHOS_DEPLOYMENT_TARGET = 2.0;
			};
			name = Release;
		};
/* End XCBuildConfiguration section */

/* Begin XCConfigurationList section */
		BAAD40E21B95DC98000019F2 /* Build configuration list for PBXProject "watchConnectivityBasic" */ = {
			isa = XCConfigurationList;
			buildConfigurations = (
				BAAD40F71B95DC99000019F2 /* Debug */,
				BAAD40F81B95DC99000019F2 /* Release */,
			);
			defaultConfigurationIsVisible = 0;
			defaultConfigurationName = Release;
		};
		BAAD40F91B95DC99000019F2 /* Build configuration list for PBXNativeTarget "watchConnectivityBasic" */ = {
			isa = XCConfigurationList;
			buildConfigurations = (
				BAAD40FA1B95DC99000019F2 /* Debug */,
				BAAD40FB1B95DC99000019F2 /* Release */,
			);
			defaultConfigurationIsVisible = 0;
		};
		BAAD41191B95E373000019F2 /* Build configuration list for PBXNativeTarget "watchConnectivityBasicWatch Extension" */ = {
			isa = XCConfigurationList;
			buildConfigurations = (
				BAAD411A1B95E373000019F2 /* Debug */,
				BAAD411B1B95E373000019F2 /* Release */,
			);
			defaultConfigurationIsVisible = 0;
		};
		BAAD411D1B95E373000019F2 /* Build configuration list for PBXNativeTarget "watchConnectivityBasicWatch" */ = {
			isa = XCConfigurationList;
			buildConfigurations = (
				BAAD411E1B95E373000019F2 /* Debug */,
				BAAD411F1B95E373000019F2 /* Release */,
			);
			defaultConfigurationIsVisible = 0;
		};
/* End XCConfigurationList section */
	};
	rootObject = BAAD40DF1B95DC98000019F2 /* Project object */;
}
